
Microsoft Visual Studio Solution File, Format Version 12.00
# Visual Studio 15
VisualStudioVersion = 15.0.28307.539
MinimumVisualStudioVersion = 10.0.40219.1
Project("{FAE04EC0-301F-11D3-BF4B-00C04F79EFBC}") = "YagciMehmetApi", "YagciMehmetApi\YagciMehmetApi.csproj", "{BE22415A-3BA1-4DC6-8EE2-FF67023CAAF4}"
EndProject
Global
	GlobalSection(SolutionConfigurationPlatforms) = preSolution
		Debug|Any CPU = Debug|Any CPU
		Release|Any CPU = Release|Any CPU
	EndGlobalSection
	GlobalSection(ProjectConfigurationPlatforms) = postSolution
		{BE22415A-3BA1-4DC6-8EE2-FF67023CAAF4}.Debug|Any CPU.ActiveCfg = Debug|Any CPU
		{BE22415A-3BA1-4DC6-8EE2-FF67023CAAF4}.Debug|Any CPU.Build.0 = Debug|Any CPU
		{BE22415A-3BA1-4DC6-8EE2-FF67023CAAF4}.Release|Any CPU.ActiveCfg = Release|Any CPU
		{BE22415A-3BA1-4DC6-8EE2-FF67023CAAF4}.Release|Any CPU.Build.0 = Release|Any CPU
	EndGlobalSection
	GlobalSection(SolutionProperties) = preSolution
		HideSolutionNode = FALSE
	EndGlobalSection
	GlobalSection(ExtensibilityGlobals) = postSolution
		SolutionGuid = {6EEE610F-1AC4-4821-A58C-877A203875D8}
	EndGlobalSection
EndGlobal
